#MicroXplorer Configuration settings - do not modify
CAD.formats=[]
CAD.pinconfig=Dual
CAD.provider=
FDCAN1.CalculateBaudRateNominal=2125000
FDCAN1.CalculateTimeBitNominal=470
FDCAN1.CalculateTimeQuantumNominal=94.11764705882354
FDCAN1.IPParameters=CalculateTimeQuantumNominal,CalculateTimeBitNominal,CalculateBaudRateNominal
File.Version=6
GPIO.groupedBy=Group By Peripherals
KeepUserPlacement=false
Mcu.CPN=STM32G431KBT6
Mcu.Family=STM32G4
Mcu.IP0=FDCAN1
Mcu.IP1=NVIC
Mcu.IP2=RCC
Mcu.IP3=SPI1
Mcu.IP4=SYS
Mcu.IP5=USART2
Mcu.IPNb=6
Mcu.Name=STM32G431K(6-8-B)Tx
Mcu.Package=LQFP32
Mcu.Pin0=PA0
Mcu.Pin1=PA1
Mcu.Pin10=PB4
Mcu.Pin11=PB5
Mcu.Pin12=PB8-BOOT0
Mcu.Pin13=VP_SYS_VS_Systick
Mcu.Pin14=VP_SYS_VS_DBSignals
Mcu.Pin15=VP_STMicroelectronics.X-CUBE-MEMS1_VS_BoardOoPartJjAccGyr_5.5.0_10.0.0
Mcu.Pin16=VP_STMicroelectronics.X-CUBE-MEMS1_VS_BoardOoSupportJjCustom_10.0.0_10.0.0
Mcu.Pin17=VP_STMicroelectronics.X-CUBE-MEMS1_VS_DeviceJjMEMS1IiApplications_10.0.0_10.0.0
Mcu.Pin2=PA2
Mcu.Pin3=PA3
Mcu.Pin4=PA7
Mcu.Pin5=PA11
Mcu.Pin6=PA12
Mcu.Pin7=PA13
Mcu.Pin8=PA14
Mcu.Pin9=PB3
Mcu.PinsNb=18
Mcu.ThirdParty0=STMicroelectronics.X-CUBE-MEMS1.10.0.0
Mcu.ThirdPartyNb=1
Mcu.UserConstants=
Mcu.UserName=STM32G431KBTx
MxCube.Version=6.11.0
MxDb.Version=DB.6.0.110
NVIC.BusFault_IRQn=true\:0\:0\:false\:false\:true\:false\:false\:false
NVIC.DebugMonitor_IRQn=true\:0\:0\:false\:false\:true\:false\:false\:false
NVIC.EXTI0_IRQn=true\:0\:0\:false\:false\:true\:true\:true\:true
NVIC.EXTI9_5_IRQn=true\:0\:0\:false\:false\:true\:true\:true\:true
NVIC.ForceEnableDMAVector=true
NVIC.HardFault_IRQn=true\:0\:0\:false\:false\:true\:false\:false\:false
NVIC.MemoryManagement_IRQn=true\:0\:0\:false\:false\:true\:false\:false\:false
NVIC.NonMaskableInt_IRQn=true\:0\:0\:false\:false\:true\:false\:false\:false
NVIC.PendSV_IRQn=true\:0\:0\:false\:false\:true\:false\:false\:false
NVIC.PriorityGroup=NVIC_PRIORITYGROUP_4
NVIC.SVCall_IRQn=true\:0\:0\:false\:false\:true\:false\:false\:false
NVIC.SysTick_IRQn=true\:0\:0\:false\:false\:true\:false\:true\:false
NVIC.UsageFault_IRQn=true\:0\:0\:false\:false\:true\:false\:false\:false
PA0.GPIOParameters=GPIO_Label,GPIO_ModeDefaultEXTI
PA0.GPIO_Label=IMU_INT
PA0.GPIO_ModeDefaultEXTI=GPIO_MODE_IT_FALLING
PA0.Locked=true
PA0.Signal=GPXTI0
PA1.GPIOParameters=PinState,GPIO_Label
PA1.GPIO_Label=IMU_CS
PA1.Locked=true
PA1.PinState=GPIO_PIN_SET
PA1.Signal=GPIO_Output
PA11.Mode=FDCAN_Activate
PA11.Signal=FDCAN1_RX
PA12.Mode=FDCAN_Activate
PA12.Signal=FDCAN1_TX
PA13.GPIOParameters=GPIO_Label
PA13.GPIO_Label=T_SWDIO
PA13.Locked=true
PA13.Mode=Serial_Wire
PA13.Signal=SYS_JTMS-SWDIO
PA14.GPIOParameters=GPIO_Label
PA14.GPIO_Label=T_SWCLK
PA14.Locked=true
PA14.Mode=Serial_Wire
PA14.Signal=SYS_JTCK-SWCLK
PA2.GPIOParameters=GPIO_Label
PA2.GPIO_Label=USART2_TX [ST-LINKV3E_VCP_RX]
PA2.Locked=true
PA2.Mode=Asynchronous
PA2.Signal=USART2_TX
PA3.GPIOParameters=GPIO_Label
PA3.GPIO_Label=USART2_RX [ST-LINKV3E_VCP_TX]
PA3.Locked=true
PA3.Mode=Asynchronous
PA3.Signal=USART2_RX
PA7.GPIOParameters=GPIO_Label
PA7.GPIO_Label=BUTTON
PA7.Locked=true
PA7.Signal=GPXTI7
PB3.GPIOParameters=GPIO_Speed,GPIO_PuPd
PB3.GPIO_PuPd=GPIO_PULLUP
PB3.GPIO_Speed=GPIO_SPEED_FREQ_VERY_HIGH
PB3.Locked=true
PB3.Mode=Full_Duplex_Master
PB3.Signal=SPI1_SCK
PB4.GPIOParameters=GPIO_Speed
PB4.GPIO_Speed=GPIO_SPEED_FREQ_VERY_HIGH
PB4.Locked=true
PB4.Mode=Full_Duplex_Master
PB4.Signal=SPI1_MISO
PB5.GPIOParameters=GPIO_Speed
PB5.GPIO_Speed=GPIO_SPEED_FREQ_VERY_HIGH
PB5.Locked=true
PB5.Mode=Full_Duplex_Master
PB5.Signal=SPI1_MOSI
PB8-BOOT0.GPIOParameters=GPIO_Label
PB8-BOOT0.GPIO_Label=LD2 [green]
PB8-BOOT0.Locked=true
PB8-BOOT0.Signal=GPIO_Output
PinOutPanel.RotationAngle=0
ProjectManager.AskForMigrate=true
ProjectManager.BackupPrevious=false
ProjectManager.CompilerOptimize=6
ProjectManager.ComputerToolchain=false
ProjectManager.CoupleFile=false
ProjectManager.CustomerFirmwarePackage=
ProjectManager.DefaultFWLocation=true
ProjectManager.DeletePrevious=true
ProjectManager.DeviceId=STM32G431KBTx
ProjectManager.FirmwarePackage=STM32Cube FW_G4 V1.5.2
ProjectManager.FreePins=false
ProjectManager.HalAssertFull=false
ProjectManager.HeapSize=0x200
ProjectManager.KeepUserCode=true
ProjectManager.LastFirmware=true
ProjectManager.LibraryCopy=1
ProjectManager.MainLocation=Core/Src
ProjectManager.NoMain=false
ProjectManager.PreviousToolchain=
ProjectManager.ProjectBuild=false
ProjectManager.ProjectFileName=IMU_board.ioc
ProjectManager.ProjectName=IMU_board
ProjectManager.ProjectStructure=
ProjectManager.RegisterCallBack=
ProjectManager.StackSize=0x400
ProjectManager.TargetToolchain=STM32CubeIDE
ProjectManager.ToolChainLocation=
ProjectManager.UAScriptAfterPath=
ProjectManager.UAScriptBeforePath=
ProjectManager.UnderRoot=true
ProjectManager.functionlistsort=1-SystemClock_Config-RCC-false-HAL-false,2-MX_GPIO_Init-GPIO-false-HAL-true,3-MX_FDCAN1_Init-FDCAN1-false-HAL-true,4-MX_MEMS_Init-STMicroelectronics.X-CUBE-MEMS1.10.0.0-false-HAL-false,5-MX_MEMS_Process-STMicroelectronics.X-CUBE-MEMS1.10.0.0-false-HAL-false
RCC.ADC12Freq_Value=170000000
RCC.AHBFreq_Value=170000000
RCC.APB1Freq_Value=170000000
RCC.APB1TimFreq_Value=170000000
RCC.APB2Freq_Value=170000000
RCC.APB2TimFreq_Value=170000000
RCC.CRSFreq_Value=48000000
RCC.CortexFreq_Value=170000000
RCC.EXTERNAL_CLOCK_VALUE=12288000
RCC.FCLKCortexFreq_Value=170000000
RCC.FDCANFreq_Value=170000000
RCC.FamilyName=M
RCC.HCLKFreq_Value=170000000
RCC.HSE_VALUE=8000000
RCC.HSI48_VALUE=48000000
RCC.HSI_VALUE=16000000
RCC.I2C1Freq_Value=170000000
RCC.I2C2Freq_Value=170000000
RCC.I2C3Freq_Value=170000000
RCC.I2SFreq_Value=170000000
RCC.IPParameters=ADC12Freq_Value,AHBFreq_Value,APB1Freq_Value,APB1TimFreq_Value,APB2Freq_Value,APB2TimFreq_Value,CRSFreq_Value,CortexFreq_Value,EXTERNAL_CLOCK_VALUE,FCLKCortexFreq_Value,FDCANFreq_Value,FamilyName,HCLKFreq_Value,HSE_VALUE,HSI48_VALUE,HSI_VALUE,I2C1Freq_Value,I2C2Freq_Value,I2C3Freq_Value,I2SFreq_Value,LPTIM1Freq_Value,LPUART1Freq_Value,LSCOPinFreq_Value,LSE_VALUE,LSI_VALUE,MCO1PinFreq_Value,PLLM,PLLN,PLLPoutputFreq_Value,PLLQoutputFreq_Value,PLLRCLKFreq_Value,PWRFreq_Value,RNGFreq_Value,SAI1Freq_Value,SYSCLKFreq_VALUE,SYSCLKSource,UART4Freq_Value,USART1Freq_Value,USART2Freq_Value,USART3Freq_Value,USBFreq_Value,VCOInputFreq_Value,VCOOutputFreq_Value
RCC.LPTIM1Freq_Value=170000000
RCC.LPUART1Freq_Value=170000000
RCC.LSCOPinFreq_Value=32000
RCC.LSE_VALUE=32768
RCC.LSI_VALUE=32000
RCC.MCO1PinFreq_Value=16000000
RCC.PLLM=RCC_PLLM_DIV4
RCC.PLLN=85
RCC.PLLPoutputFreq_Value=170000000
RCC.PLLQoutputFreq_Value=170000000
RCC.PLLRCLKFreq_Value=170000000
RCC.PWRFreq_Value=170000000
RCC.RNGFreq_Value=170000000
RCC.SAI1Freq_Value=170000000
RCC.SYSCLKFreq_VALUE=170000000
RCC.SYSCLKSource=RCC_SYSCLKSOURCE_PLLCLK
RCC.UART4Freq_Value=170000000
RCC.USART1Freq_Value=170000000
RCC.USART2Freq_Value=170000000
RCC.USART3Freq_Value=170000000
RCC.USBFreq_Value=170000000
RCC.VCOInputFreq_Value=4000000
RCC.VCOOutputFreq_Value=340000000
SH.GPXTI0.0=GPIO_EXTI0
SH.GPXTI0.ConfNb=1
SH.GPXTI7.0=GPIO_EXTI7
SH.GPXTI7.ConfNb=1
SPI1.BaudRatePrescaler=SPI_BAUDRATEPRESCALER_128
SPI1.CLKPhase=SPI_PHASE_2EDGE
SPI1.CLKPolarity=SPI_POLARITY_HIGH
SPI1.CalculateBaudRate=1.328125 MBits/s
SPI1.DataSize=SPI_DATASIZE_8BIT
SPI1.Direction=SPI_DIRECTION_2LINES
SPI1.IPParameters=VirtualType,Mode,Direction,BaudRatePrescaler,CalculateBaudRate,DataSize,CLKPolarity,CLKPhase
SPI1.Mode=SPI_MODE_MASTER
SPI1.VirtualType=VM_MASTER
STMicroelectronics.X-CUBE-MEMS1.10.0.0.BSP.number=6
STMicroelectronics.X-CUBE-MEMS1.10.0.0.BoardOoPartJjAccGyrJjLSM6DSO=SPI
STMicroelectronics.X-CUBE-MEMS1.10.0.0.BoardOoPartJjAccGyr_Checked=true
STMicroelectronics.X-CUBE-MEMS1.10.0.0.BoardOoSupportJjCustomJjMOTIONIiSENSOR=true
STMicroelectronics.X-CUBE-MEMS1.10.0.0.BoardOoSupportJjCustom_Checked=true
STMicroelectronics.X-CUBE-MEMS1.10.0.0.DeviceJjMEMS1IiApplications_Checked=true
STMicroelectronics.X-CUBE-MEMS1.10.0.0.IPParameters=BoardOoSupportJjCustomJjMOTIONIiSENSOR,BoardOoPartJjAccGyrJjLSM6DSO,MEMS1IiApplicationsCcDeviceJjApplication
STMicroelectronics.X-CUBE-MEMS1.10.0.0.MEMS1IiApplicationsCcDeviceJjApplication=LSM6DSOIi6DOrientation
STMicroelectronics.X-CUBE-MEMS1.10.0.00.BSP.STBoard=false
STMicroelectronics.X-CUBE-MEMS1.10.0.00.BSP.api=Unknown
STMicroelectronics.X-CUBE-MEMS1.10.0.00.BSP.component=
STMicroelectronics.X-CUBE-MEMS1.10.0.00.BSP.condition=SEMBoardOoPartJjAccGyrJjLSM6DSOJjSPI
STMicroelectronics.X-CUBE-MEMS1.10.0.00.BSP.instance=PA1
STMicroelectronics.X-CUBE-MEMS1.10.0.00.BSP.ip=GPIO
STMicroelectronics.X-CUBE-MEMS1.10.0.00.BSP.mode=Output
STMicroelectronics.X-CUBE-MEMS1.10.0.00.BSP.name=LSM6DSO_CS
STMicroelectronics.X-CUBE-MEMS1.10.0.00.BSP.semaphore=
STMicroelectronics.X-CUBE-MEMS1.10.0.00.BSP.solution=PA1
STMicroelectronics.X-CUBE-MEMS1.10.0.01.BSP.STBoard=false
STMicroelectronics.X-CUBE-MEMS1.10.0.01.BSP.api=BSP_BUS_DRIVER
STMicroelectronics.X-CUBE-MEMS1.10.0.01.BSP.component=
STMicroelectronics.X-CUBE-MEMS1.10.0.01.BSP.condition=SEMBoardOoPartJjAccGyrJjLSM6DSOJjSPI
STMicroelectronics.X-CUBE-MEMS1.10.0.01.BSP.instance=SPI1
STMicroelectronics.X-CUBE-MEMS1.10.0.01.BSP.ip=SPI
STMicroelectronics.X-CUBE-MEMS1.10.0.01.BSP.mode=Full-Duplex Master
STMicroelectronics.X-CUBE-MEMS1.10.0.01.BSP.name=LSM6DSO BUS IO driver
STMicroelectronics.X-CUBE-MEMS1.10.0.01.BSP.semaphore=
STMicroelectronics.X-CUBE-MEMS1.10.0.01.BSP.solution=SPI1
STMicroelectronics.X-CUBE-MEMS1.10.0.02.BSP.STBoard=false
STMicroelectronics.X-CUBE-MEMS1.10.0.02.BSP.api=BSP_COMMON_DRIVER
STMicroelectronics.X-CUBE-MEMS1.10.0.02.BSP.component=
STMicroelectronics.X-CUBE-MEMS1.10.0.02.BSP.condition=\!(SEMMEMS1IiApplicationsCcDeviceJjApplicationJjIKS01A3IiIntensityDetection | SEMMEMS1IiApplicationsCcDeviceJjApplicationJjIKS4A1IiIntensityDetection | SEMMEMS1IiApplicationsCcDeviceJjApplicationJjCUSTOMIiIntensityDetection | SEMMEMS1IiApplicationsCcDeviceJjApplicationJjIKS01A3IiGyroscopeCalibration | SEMMEMS1IiApplicationsCcDeviceJjApplicationJjIKS4A1IiGyroscopeCalibration | SEMMEMS1IiApplicationsCcDeviceJjApplicationJjIKS02A1IiGyroscopeCalibration | SEMMEMS1IiApplicationsCcDeviceJjApplicationJjCUSTOMIiGyroscopeCalibration | SEMMEMS1IiApplicationsCcDeviceJjApplicationJjIKS01A3IiAccelerometerCalibration | SEMMEMS1IiApplicationsCcDeviceJjApplicationJjIKS4A1IiAccelerometerCalibration | SEMMEMS1IiApplicationsCcDeviceJjApplicationJjIKS02A1IiAccelerometerCalibration | SEMMEMS1IiApplicationsCcDeviceJjApplicationJjCUSTOMIiAccelerometerCalibration | SEMMEMS1IiApplicationsCcDeviceJjApplicationJjIKS01A3IiMagnetometerCalibration | SEMMEMS1IiApplicationsCcDeviceJjApplicationJjIKS4A1IiMagnetometerCalibration | SEMMEMS1IiApplicationsCcDeviceJjApplicationJjIKS02A1IiMagnetometerCalibration | SEMMEMS1IiApplicationsCcDeviceJjApplicationJjCUSTOMIiMagnetometerCalibration | SEMMEMS1IiApplicationsCcDeviceJjApplicationJjIKS01A3IiTiltSensing | SEMMEMS1IiApplicationsCcDeviceJjApplicationJjIKS4A1IiTiltSensing | SEMMEMS1IiApplicationsCcDeviceJjApplicationJjIKS02A1IiTiltSensing | SEMMEMS1IiApplicationsCcDeviceJjApplicationJjCUSTOMIiTiltSensing | SEMMEMS1IiApplicationsCcDeviceJjApplicationJjIKS01A3IiVerticalContext | SEMMEMS1IiApplicationsCcDeviceJjApplicationJjIKS4A1IiVerticalContext | SEMMEMS1IiApplicationsCcDeviceJjApplicationJjCUSTOMIiVerticalContext | SEMMEMS1IiApplicationsCcDeviceJjApplicationJjIKS01A3IiCarryPosition | SEMMEMS1IiApplicationsCcDeviceJjApplicationJjIKS4A1IiCarryPosition | SEMMEMS1IiApplicationsCcDeviceJjApplicationJjCUSTOMIiCarryPosition | SEMMEMS1IiApplicationsCcDeviceJjApplicationJjIKS01A3IiECompass | SEMMEMS1IiApplicationsCcDeviceJjApplicationJjIKS4A1IiECompass | SEMMEMS1IiApplicationsCcDeviceJjApplicationJjIKS02A1IiECompass | SEMMEMS1IiApplicationsCcDeviceJjApplicationJjCUSTOMIiECompass | SEMMEMS1IiApplicationsCcDeviceJjApplicationJjIKS01A3IiGestureRecognition | SEMMEMS1IiApplicationsCcDeviceJjApplicationJjIKS4A1IiGestureRecognition | SEMMEMS1IiApplicationsCcDeviceJjApplicationJjCUSTOMIiGestureRecognition | SEMMEMS1IiApplicationsCcDeviceJjApplicationJjIKS01A3IiDynamicInclinometer | SEMMEMS1IiApplicationsCcDeviceJjApplicationJjIKS4A1IiDynamicInclinometer | SEMMEMS1IiApplicationsCcDeviceJjApplicationJjIKS02A1IiDynamicInclinometer | SEMMEMS1IiApplicationsCcDeviceJjApplicationJjCUSTOMIiDynamicInclinometer | SEMMEMS1IiApplicationsCcDeviceJjApplicationJjIKS01A3IiAirplaneDetection | SEMMEMS1IiApplicationsCcDeviceJjApplicationJjIKS4A1IiAirplaneDetection | SEMMEMS1IiApplicationsCcDeviceJjApplicationJjCUSTOMIiAirplaneDetection | SEMMEMS1IiApplicationsCcDeviceJjApplicationJjIKS01A3IiActiveTime | SEMMEMS1IiApplicationsCcDeviceJjApplicationJjIKS4A1IiActiveTime | SEMMEMS1IiApplicationsCcDeviceJjApplicationJjCUSTOMIiActiveTime | SEMMEMS1IiApplicationsCcDeviceJjApplicationJjIKS01A3IiActivityRecognition | SEMMEMS1IiApplicationsCcDeviceJjApplicationJjIKS4A1IiActivityRecognition | SEMMEMS1IiApplicationsCcDeviceJjApplicationJjCUSTOMIiActivityRecognition | SEMMEMS1IiApplicationsCcDeviceJjApplicationJjIKS01A3IiActivityRecognitionWrist | SEMMEMS1IiApplicationsCcDeviceJjApplicationJjIKS4A1IiActivityRecognitionWrist | SEMMEMS1IiApplicationsCcDeviceJjApplicationJjCUSTOMIiActivityRecognitionWrist | SEMMEMS1IiApplicationsCcDeviceJjApplicationJjIKS01A3IiFallDetection | SEMMEMS1IiApplicationsCcDeviceJjApplicationJjIKS4A1IiFallDetection | SEMMEMS1IiApplicationsCcDeviceJjApplicationJjCUSTOMIiFallDetection | SEMMEMS1IiApplicationsCcDeviceJjApplicationJjIKS01A3IiFitnessActivities | SEMMEMS1IiApplicationsCcDeviceJjApplicationJjIKS4A1IiFitnessActivities | SEMMEMS1IiApplicationsCcDeviceJjApplicationJjCUSTOMIiFitnessActivities | SEMMEMS1IiApplicationsCcDeviceJjApplicationJjIKS01A3IiPedometer | SEMMEMS1IiApplicationsCcDeviceJjApplicationJjIKS4A1IiPedometer | SEMMEMS1IiApplicationsCcDeviceJjApplicationJjCUSTOMIiPedometer | SEMMEMS1IiApplicationsCcDeviceJjApplicationJjIKS01A3IiPedometerWrist | SEMMEMS1IiApplicationsCcDeviceJjApplicationJjIKS4A1IiPedometerWrist | SEMMEMS1IiApplicationsCcDeviceJjApplicationJjCUSTOMIiPedometerWrist | SEMMEMS1IiApplicationsCcDeviceJjApplicationJjIKS01A3IiPoseEstimation | SEMMEMS1IiApplicationsCcDeviceJjApplicationJjIKS4A1IiPoseEstimation | SEMMEMS1IiApplicationsCcDeviceJjApplicationJjCUSTOMIiPoseEstimation | SEMMEMS1IiApplicationsCcDeviceJjApplicationJjIKS01A3IiStandingSittingDesk | SEMMEMS1IiApplicationsCcDeviceJjApplicationJjIKS4A1IiStandingSittingDesk | SEMMEMS1IiApplicationsCcDeviceJjApplicationJjCUSTOMIiStandingSittingDesk | SEMMEMS1IiApplicationsCcDeviceJjApplicationJjAccelCalibration2IiIIS2ICLX | SEMMEMS1IiApplicationsCcDeviceJjApplicationJjTiltSensing2IiIIS2ICLX | SEMMEMS1IiApplicationsCcDeviceJjApplicationJjPresenceDetectionIiSTHS34PF80 | SEMMEMS1IiApplicationsCcDeviceJjApplicationJjAirQualityIiSGP40)
STMicroelectronics.X-CUBE-MEMS1.10.0.02.BSP.instance=PA7
STMicroelectronics.X-CUBE-MEMS1.10.0.02.BSP.ip=GPIO
STMicroelectronics.X-CUBE-MEMS1.10.0.02.BSP.mode=EXTI
STMicroelectronics.X-CUBE-MEMS1.10.0.02.BSP.name=BSP BUTTON
STMicroelectronics.X-CUBE-MEMS1.10.0.02.BSP.semaphore=
STMicroelectronics.X-CUBE-MEMS1.10.0.02.BSP.solution=PA7
STMicroelectronics.X-CUBE-MEMS1.10.0.03.BSP.STBoard=false
STMicroelectronics.X-CUBE-MEMS1.10.0.03.BSP.api=HAL_EXTI_DRIVER
STMicroelectronics.X-CUBE-MEMS1.10.0.03.BSP.component=
STMicroelectronics.X-CUBE-MEMS1.10.0.03.BSP.condition=SEMMEMS1IiApplicationsCcDeviceJjApplicationJjIKS01A3IiLIS2DW12Ii6DOrientation | SEMMEMS1IiApplicationsCcDeviceJjApplicationJjIKS01A3IiLIS2DW12IiWakeUp | SEMMEMS1IiApplicationsCcDeviceJjApplicationJjIKS01A3IiLPS22HHIiFIFOMode | SEMMEMS1IiApplicationsCcDeviceJjApplicationJjIKS01A3IiLSM6DSOIi6DOrientation | SEMMEMS1IiApplicationsCcDeviceJjApplicationJjIKS01A3IiLSM6DSOIiFIFOContMode | SEMMEMS1IiApplicationsCcDeviceJjApplicationJjIKS01A3IiLSM6DSOIiFIFOMode | SEMMEMS1IiApplicationsCcDeviceJjApplicationJjIKS01A3IiLSM6DSOIiFreeFall | SEMMEMS1IiApplicationsCcDeviceJjApplicationJjIKS01A3IiLSM6DSOIiPedometer | SEMMEMS1IiApplicationsCcDeviceJjApplicationJjIKS01A3IiLSM6DSOIiSingleDoubleTap | SEMMEMS1IiApplicationsCcDeviceJjApplicationJjIKS01A3IiLSM6DSOIiTilt | SEMMEMS1IiApplicationsCcDeviceJjApplicationJjIKS01A3IiLSM6DSOIiWakeUp | SEMMEMS1IiApplicationsCcDeviceJjApplicationJjIKS01A3IiSTTS751IiTemperatureLimit | SEMMEMS1IiApplicationsCcDeviceJjApplicationJjLPS22HBIiFIFOMode | SEMMEMS1IiApplicationsCcDeviceJjApplicationJjLSM6DSLIi6DOrientation | SEMMEMS1IiApplicationsCcDeviceJjApplicationJjLSM6DSLIiFIFOContMode | SEMMEMS1IiApplicationsCcDeviceJjApplicationJjLSM6DSLIiFIFOLowPower | SEMMEMS1IiApplicationsCcDeviceJjApplicationJjLSM6DSLIiFIFOMode | SEMMEMS1IiApplicationsCcDeviceJjApplicationJjLSM6DSLIiFreeFall | SEMMEMS1IiApplicationsCcDeviceJjApplicationJjLSM6DSLIiMultiEvent | SEMMEMS1IiApplicationsCcDeviceJjApplicationJjLSM6DSLIiPedometer | SEMMEMS1IiApplicationsCcDeviceJjApplicationJjLSM6DSLIiSingleDoubleTap | SEMMEMS1IiApplicationsCcDeviceJjApplicationJjLSM6DSLIiTilt | SEMMEMS1IiApplicationsCcDeviceJjApplicationJjLSM6DSLIiWakeUp | SEMMEMS1IiApplicationsCcDeviceJjApplicationJjLIS2DW12Ii6DOrientation | SEMMEMS1IiApplicationsCcDeviceJjApplicationJjLIS2DW12IiWakeUp | SEMMEMS1IiApplicationsCcDeviceJjApplicationJjLPS22HHIiFIFOMode | SEMMEMS1IiApplicationsCcDeviceJjApplicationJjLSM6DSOIi6DOrientation | SEMMEMS1IiApplicationsCcDeviceJjApplicationJjLSM6DSOIiFIFOContMode | SEMMEMS1IiApplicationsCcDeviceJjApplicationJjLSM6DSOIiFIFOMode | SEMMEMS1IiApplicationsCcDeviceJjApplicationJjLSM6DSOIiFreeFall | SEMMEMS1IiApplicationsCcDeviceJjApplicationJjLSM6DSOIiPedometer | SEMMEMS1IiApplicationsCcDeviceJjApplicationJjLSM6DSOIiSingleDoubleTap | SEMMEMS1IiApplicationsCcDeviceJjApplicationJjLSM6DSOIiTilt | SEMMEMS1IiApplicationsCcDeviceJjApplicationJjLSM6DSOIiWakeUp | SEMMEMS1IiApplicationsCcDeviceJjApplicationJjSTTS751IiTemperatureLimit
STMicroelectronics.X-CUBE-MEMS1.10.0.03.BSP.instance=PA0
STMicroelectronics.X-CUBE-MEMS1.10.0.03.BSP.ip=GPIO
STMicroelectronics.X-CUBE-MEMS1.10.0.03.BSP.mode=EXTI
STMicroelectronics.X-CUBE-MEMS1.10.0.03.BSP.name=MEMS_INT_PIN_A
STMicroelectronics.X-CUBE-MEMS1.10.0.03.BSP.semaphore=
STMicroelectronics.X-CUBE-MEMS1.10.0.03.BSP.solution=PA0
STMicroelectronics.X-CUBE-MEMS1.10.0.04.BSP.STBoard=false
STMicroelectronics.X-CUBE-MEMS1.10.0.04.BSP.api=BSP_COMMON_DRIVER
STMicroelectronics.X-CUBE-MEMS1.10.0.04.BSP.component=
STMicroelectronics.X-CUBE-MEMS1.10.0.04.BSP.condition=
STMicroelectronics.X-CUBE-MEMS1.10.0.04.BSP.instance=USART2
STMicroelectronics.X-CUBE-MEMS1.10.0.04.BSP.ip=UART|USART|LPUART
STMicroelectronics.X-CUBE-MEMS1.10.0.04.BSP.mode=Asynchronous
STMicroelectronics.X-CUBE-MEMS1.10.0.04.BSP.name=BSP USART
STMicroelectronics.X-CUBE-MEMS1.10.0.04.BSP.semaphore=
STMicroelectronics.X-CUBE-MEMS1.10.0.04.BSP.solution=USART2
STMicroelectronics.X-CUBE-MEMS1.10.0.05.BSP.STBoard=false
STMicroelectronics.X-CUBE-MEMS1.10.0.05.BSP.api=BSP_COMMON_DRIVER
STMicroelectronics.X-CUBE-MEMS1.10.0.05.BSP.component=
STMicroelectronics.X-CUBE-MEMS1.10.0.05.BSP.condition=
STMicroelectronics.X-CUBE-MEMS1.10.0.05.BSP.instance=PB8-BOOT0
STMicroelectronics.X-CUBE-MEMS1.10.0.05.BSP.ip=GPIO
STMicroelectronics.X-CUBE-MEMS1.10.0.05.BSP.mode=Output
STMicroelectronics.X-CUBE-MEMS1.10.0.05.BSP.name=BSP LED
STMicroelectronics.X-CUBE-MEMS1.10.0.05.BSP.semaphore=
STMicroelectronics.X-CUBE-MEMS1.10.0.05.BSP.solution=PB8-BOOT0
STMicroelectronics.X-CUBE-MEMS1.10.0.0_SwParameter=BoardOoSupportJjCustomJjMOTIONIiSENSOR\:true;BoardOoPartJjAccGyrJjLSM6DSO\:SPI;MEMS1IiApplicationsCcDeviceJjApplication\:LSM6DSOIi6DOrientation;
USART2.IPParameters=VirtualMode-Asynchronous,WordLength
USART2.VirtualMode-Asynchronous=VM_ASYNC
USART2.WordLength=WORDLENGTH_8B
VP_STMicroelectronics.X-CUBE-MEMS1_VS_BoardOoPartJjAccGyr_5.5.0_10.0.0.Mode=BoardOoPartJjAccGyr
VP_STMicroelectronics.X-CUBE-MEMS1_VS_BoardOoPartJjAccGyr_5.5.0_10.0.0.Signal=STMicroelectronics.X-CUBE-MEMS1_VS_BoardOoPartJjAccGyr_5.5.0_10.0.0
VP_STMicroelectronics.X-CUBE-MEMS1_VS_BoardOoSupportJjCustom_10.0.0_10.0.0.Mode=BoardOoSupportJjCustom
VP_STMicroelectronics.X-CUBE-MEMS1_VS_BoardOoSupportJjCustom_10.0.0_10.0.0.Signal=STMicroelectronics.X-CUBE-MEMS1_VS_BoardOoSupportJjCustom_10.0.0_10.0.0
VP_STMicroelectronics.X-CUBE-MEMS1_VS_DeviceJjMEMS1IiApplications_10.0.0_10.0.0.Mode=DeviceJjMEMS1IiApplications
VP_STMicroelectronics.X-CUBE-MEMS1_VS_DeviceJjMEMS1IiApplications_10.0.0_10.0.0.Signal=STMicroelectronics.X-CUBE-MEMS1_VS_DeviceJjMEMS1IiApplications_10.0.0_10.0.0
VP_SYS_VS_DBSignals.Mode=DisableDeadBatterySignals
VP_SYS_VS_DBSignals.Signal=SYS_VS_DBSignals
VP_SYS_VS_Systick.Mode=SysTick
VP_SYS_VS_Systick.Signal=SYS_VS_Systick
board=NUCLEO-G431KB
boardIOC=true
isbadioc=false
